
Microsoft Visual Studio Solution File, Format Version 12.00
# Visual Studio Version 16
VisualStudioVersion = 16.0.32901.82
MinimumVisualStudioVersion = 10.0.40219.1
Project("{FAE04EC0-301F-11D3-BF4B-00C04F79EFBC}") = "Zadaniе2", "Zadaniе2.csproj", "{1F49ED17-FC97-4C01-AA50-5D4CDEF2A007}"
EndProject
Global
	GlobalSection(SolutionConfigurationPlatforms) = preSolution
		Debug|Any CPU = Debug|Any CPU
		Release|Any CPU = Release|Any CPU
	EndGlobalSection
	GlobalSection(ProjectConfigurationPlatforms) = postSolution
		{1F49ED17-FC97-4C01-AA50-5D4CDEF2A007}.Debug|Any CPU.ActiveCfg = Debug|Any CPU
		{1F49ED17-FC97-4C01-AA50-5D4CDEF2A007}.Debug|Any CPU.Build.0 = Debug|Any CPU
		{1F49ED17-FC97-4C01-AA50-5D4CDEF2A007}.Release|Any CPU.ActiveCfg = Release|Any CPU
		{1F49ED17-FC97-4C01-AA50-5D4CDEF2A007}.Release|Any CPU.Build.0 = Release|Any CPU
	EndGlobalSection
	GlobalSection(SolutionProperties) = preSolution
		HideSolutionNode = FALSE
	EndGlobalSection
	GlobalSection(ExtensibilityGlobals) = postSolution
		SolutionGuid = {ABA7E257-2709-4EE4-B72D-91CD5B7469E4}
	EndGlobalSection
EndGlobal
